
Microsoft Visual Studio Solution File, Format Version 9.00
# Visual Studio 2005
Project("{8BC9CEB8-8B4A-11D0-8D11-00A0C91BC942}") = "ObjeqtNote32", "ObjeqtNote32\ObjeqtNote32.vcproj", "{4DB99D98-70B1-48E1-8141-E40FD504E2A3}"
EndProject
Project("{54435603-DBB4-11D2-8724-00A0C9A8B90C}") = "ObjeqtNote32Setup", "ObjeqtNote32Setup\ObjeqtNote32Setup.vdproj", "{01C4513F-33FA-4EF1-87F4-DB0159368F2A}"
EndProject
Global
	GlobalSection(SolutionConfigurationPlatforms) = preSolution
		Debug|Win32 = Debug|Win32
		Release|Win32 = Release|Win32
	EndGlobalSection
	GlobalSection(ProjectConfigurationPlatforms) = postSolution
		{4DB99D98-70B1-48E1-8141-E40FD504E2A3}.Debug|Win32.ActiveCfg = Debug|Win32
		{4DB99D98-70B1-48E1-8141-E40FD504E2A3}.Debug|Win32.Build.0 = Debug|Win32
		{4DB99D98-70B1-48E1-8141-E40FD504E2A3}.Release|Win32.ActiveCfg = Release|Win32
		{4DB99D98-70B1-48E1-8141-E40FD504E2A3}.Release|Win32.Build.0 = Release|Win32
		{01C4513F-33FA-4EF1-87F4-DB0159368F2A}.Debug|Win32.ActiveCfg = Debug
		{01C4513F-33FA-4EF1-87F4-DB0159368F2A}.Debug|Win32.Build.0 = Debug
		{01C4513F-33FA-4EF1-87F4-DB0159368F2A}.Release|Win32.ActiveCfg = Release
		{01C4513F-33FA-4EF1-87F4-DB0159368F2A}.Release|Win32.Build.0 = Release
	EndGlobalSection
	GlobalSection(SolutionProperties) = preSolution
		HideSolutionNode = FALSE
	EndGlobalSection
EndGlobal
