
Microsoft Visual Studio Solution File, Format Version 9.00
# Visual Studio 2005
Project("{8BC9CEB8-8B4A-11D0-8D11-00A0C91BC942}") = "ObjeqtNote32", "ObjeqtNote32\ObjeqtNote32.vcproj", "{2E1B389D-FC89-4B5E-A37B-DFD03183C92D}"
EndProject
Global
	GlobalSection(SolutionConfigurationPlatforms) = preSolution
		Debug|Win32 = Debug|Win32
		Release|Win32 = Release|Win32
	EndGlobalSection
	GlobalSection(ProjectConfigurationPlatforms) = postSolution
		{2E1B389D-FC89-4B5E-A37B-DFD03183C92D}.Debug|Win32.ActiveCfg = Debug|Win32
		{2E1B389D-FC89-4B5E-A37B-DFD03183C92D}.Debug|Win32.Build.0 = Debug|Win32
		{2E1B389D-FC89-4B5E-A37B-DFD03183C92D}.Release|Win32.ActiveCfg = Release|Win32
		{2E1B389D-FC89-4B5E-A37B-DFD03183C92D}.Release|Win32.Build.0 = Release|Win32
	EndGlobalSection
	GlobalSection(SolutionProperties) = preSolution
		HideSolutionNode = FALSE
	EndGlobalSection
EndGlobal
